
Microsoft Visual Studio Solution File, Format Version 12.00
# Visual Studio Version 17
VisualStudioVersion = 17.9.34723.18
MinimumVisualStudioVersion = 10.0.40219.1
Project("{FAE04EC0-301F-11D3-BF4B-00C04F79EFBC}") = "SpaceProjectBackend", "SpaceProjectBackend\SpaceProjectBackend.csproj", "{904DEF8E-FCB4-459C-8551-34E805236210}"
EndProject
Global
	GlobalSection(SolutionConfigurationPlatforms) = preSolution
		Debug|Any CPU = Debug|Any CPU
		Release|Any CPU = Release|Any CPU
	EndGlobalSection
	GlobalSection(ProjectConfigurationPlatforms) = postSolution
		{904DEF8E-FCB4-459C-8551-34E805236210}.Debug|Any CPU.ActiveCfg = Debug|Any CPU
		{904DEF8E-FCB4-459C-8551-34E805236210}.Debug|Any CPU.Build.0 = Debug|Any CPU
		{904DEF8E-FCB4-459C-8551-34E805236210}.Release|Any CPU.ActiveCfg = Release|Any CPU
		{904DEF8E-FCB4-459C-8551-34E805236210}.Release|Any CPU.Build.0 = Release|Any CPU
	EndGlobalSection
	GlobalSection(SolutionProperties) = preSolution
		HideSolutionNode = FALSE
	EndGlobalSection
	GlobalSection(ExtensibilityGlobals) = postSolution
		SolutionGuid = {FC81F563-9CEB-446A-82EA-731D7B094AC7}
	EndGlobalSection
EndGlobal
